
Microsoft Visual Studio Solution File, Format Version 12.00
Project("{FAE04EC0-301F-11D3-BF4B-00C04F79EFBC}") = "StudentsManager", "StudentsManager\StudentsManager.csproj", "{07252065-DB5B-4AC3-BA49-D59E54D655C0}"
EndProject
Project("{FAE04EC0-301F-11D3-BF4B-00C04F79EFBC}") = "StudentsManager.Tests", "StudentsManager.Tests\StudentsManager.Tests.csproj", "{ABC47611-65A2-4708-853C-2583534B7568}"
EndProject
Project("{2150E333-8FDC-42A3-9474-1A3956D46DE8}") = "App", "App", "{F08DAF51-DB07-4904-AE98-6782AF9A0631}"
EndProject
Project("{2150E333-8FDC-42A3-9474-1A3956D46DE8}") = "Domain", "Domain", "{11A5A38D-5433-4D99-84F6-47F8B8F9C566}"
EndProject
Project("{2150E333-8FDC-42A3-9474-1A3956D46DE8}") = "Tests", "Tests", "{A405B2F4-8310-4397-8C6B-F10F9A53E8D3}"
EndProject
Project("{FAE04EC0-301F-11D3-BF4B-00C04F79EFBC}") = "StudentsManager.Domain", "StudentsManager.Domain\StudentsManager.Domain.csproj", "{375B4C52-CC20-44C2-881A-5FC8392F3BCC}"
EndProject
Global
	GlobalSection(SolutionConfigurationPlatforms) = preSolution
		Debug|Any CPU = Debug|Any CPU
		Release|Any CPU = Release|Any CPU
	EndGlobalSection
	GlobalSection(ProjectConfigurationPlatforms) = postSolution
		{07252065-DB5B-4AC3-BA49-D59E54D655C0}.Debug|Any CPU.ActiveCfg = Debug|Any CPU
		{07252065-DB5B-4AC3-BA49-D59E54D655C0}.Debug|Any CPU.Build.0 = Debug|Any CPU
		{07252065-DB5B-4AC3-BA49-D59E54D655C0}.Release|Any CPU.ActiveCfg = Release|Any CPU
		{07252065-DB5B-4AC3-BA49-D59E54D655C0}.Release|Any CPU.Build.0 = Release|Any CPU
		{ABC47611-65A2-4708-853C-2583534B7568}.Debug|Any CPU.ActiveCfg = Debug|Any CPU
		{ABC47611-65A2-4708-853C-2583534B7568}.Debug|Any CPU.Build.0 = Debug|Any CPU
		{ABC47611-65A2-4708-853C-2583534B7568}.Release|Any CPU.ActiveCfg = Release|Any CPU
		{ABC47611-65A2-4708-853C-2583534B7568}.Release|Any CPU.Build.0 = Release|Any CPU
		{375B4C52-CC20-44C2-881A-5FC8392F3BCC}.Debug|Any CPU.ActiveCfg = Debug|Any CPU
		{375B4C52-CC20-44C2-881A-5FC8392F3BCC}.Debug|Any CPU.Build.0 = Debug|Any CPU
		{375B4C52-CC20-44C2-881A-5FC8392F3BCC}.Release|Any CPU.ActiveCfg = Release|Any CPU
		{375B4C52-CC20-44C2-881A-5FC8392F3BCC}.Release|Any CPU.Build.0 = Release|Any CPU
	EndGlobalSection
	GlobalSection(NestedProjects) = preSolution
		{ABC47611-65A2-4708-853C-2583534B7568} = {A405B2F4-8310-4397-8C6B-F10F9A53E8D3}
		{07252065-DB5B-4AC3-BA49-D59E54D655C0} = {F08DAF51-DB07-4904-AE98-6782AF9A0631}
		{375B4C52-CC20-44C2-881A-5FC8392F3BCC} = {11A5A38D-5433-4D99-84F6-47F8B8F9C566}
	EndGlobalSection
EndGlobal
